Microsoft Visual Studio Solution File, Format Version 8.00
Project("{8BC9CEB8-8B4A-11D0-8D11-00A0C91BC942}") = "Oxymoron", "Oxymoron.vcproj", "{C28E510D-9CB5-4FAF-86E9-0DEC3E2008DA}"
	ProjectSection(ProjectDependencies) = postProject
	EndProjectSection
EndProject
Global
	GlobalSection(SolutionConfiguration) = preSolution
		Debug = Debug
		Release = Release
	EndGlobalSection
	GlobalSection(ProjectConfiguration) = postSolution
		{C28E510D-9CB5-4FAF-86E9-0DEC3E2008DA}.Debug.ActiveCfg = Debug|Win32
		{C28E510D-9CB5-4FAF-86E9-0DEC3E2008DA}.Debug.Build.0 = Debug|Win32
		{C28E510D-9CB5-4FAF-86E9-0DEC3E2008DA}.Release.ActiveCfg = Release|Win32
		{C28E510D-9CB5-4FAF-86E9-0DEC3E2008DA}.Release.Build.0 = Release|Win32
	EndGlobalSection
	GlobalSection(ExtensibilityGlobals) = postSolution
	EndGlobalSection
	GlobalSection(ExtensibilityAddIns) = postSolution
	EndGlobalSection
EndGlobal
